// !$*UTF8*$!
{
	archiveVersion = 1;
	classes = {
	};
	objectVersion = 56;
	objects = {

/* Begin PBXBuildFile section */
		4F01B13E2AC22A580034F49C /* AppDelegate.swift in Sources */ = {isa = PBXBuildFile; fileRef = 4F01B13D2AC22A580034F49C /* AppDelegate.swift */; };
		4F01B1402AC22A580034F49C /* SceneDelegate.swift in Sources */ = {isa = PBXBuildFile; fileRef = 4F01B13F2AC22A580034F49C /* SceneDelegate.swift */; };
		4F01B1422AC22A580034F49C /* ViewController.swift in Sources */ = {isa = PBXBuildFile; fileRef = 4F01B1412AC22A580034F49C /* ViewController.swift */; };
		4F01B1452AC22A580034F49C /* Main.storyboard in Resources */ = {isa = PBXBuildFile; fileRef = 4F01B1432AC22A580034F49C /* Main.storyboard */; };
		4F01B1472AC22A590034F49C /* Assets.xcassets in Resources */ = {isa = PBXBuildFile; fileRef = 4F01B1462AC22A590034F49C /* Assets.xcassets */; };
		4F01B14A2AC22A590034F49C /* LaunchScreen.storyboard in Resources */ = {isa = PBXBuildFile; fileRef = 4F01B1482AC22A590034F49C /* LaunchScreen.storyboard */; };
		4F01B1552AC22A590034F49C /* IAmRich_appTests.swift in Sources */ = {isa = PBXBuildFile; fileRef = 4F01B1542AC22A590034F49C /* IAmRich_appTests.swift */; };
		4F01B15F2AC22A590034F49C /* IAmRich_appUITests.swift in Sources */ = {isa = PBXBuildFile; fileRef = 4F01B15E2AC22A590034F49C /* IAmRich_appUITests.swift */; };
		4F01B1612AC22A590034F49C /* IAmRich_appUITestsLaunchTests.swift in Sources */ = {isa = PBXBuildFile; fileRef = 4F01B1602AC22A590034F49C /* IAmRich_appUITestsLaunchTests.swift */; };
/* End PBXBuildFile section */

/* Begin PBXContainerItemProxy section */
		4F01B1512AC22A590034F49C /* PBXContainerItemProxy */ = {
			isa = PBXContainerItemProxy;
			containerPortal = 4F01B1322AC22A580034F49C /* Project object */;
			proxyType = 1;
			remoteGlobalIDString = 4F01B1392AC22A580034F49C;
			remoteInfo = IAmRich_app;
		};
		4F01B15B2AC22A590034F49C /* PBXContainerItemProxy */ = {
			isa = PBXContainerItemProxy;
			containerPortal = 4F01B1322AC22A580034F49C /* Project object */;
			proxyType = 1;
			remoteGlobalIDString = 4F01B1392AC22A580034F49C;
			remoteInfo = IAmRich_app;
		};
/* End PBXContainerItemProxy section */

/* Begin PBXFileReference section */
		4F01B13A2AC22A580034F49C /* IAmRich_app.app */ = {isa = PBXFileReference; explicitFileType = wrapper.application; includeInIndex = 0; path = IAmRich_app.app; sourceTree = BUILT_PRODUCTS_DIR; };
		4F01B13D2AC22A580034F49C /* AppDelegate.swift */ = {isa = PBXFileReference; lastKnownFileType = sourcecode.swift; path = AppDelegate.swift; sourceTree = "<group>"; };
		4F01B13F2AC22A580034F49C /* SceneDelegate.swift */ = {isa = PBXFileReference; lastKnownFileType = sourcecode.swift; path = SceneDelegate.swift; sourceTree = "<group>"; };
		4F01B1412AC22A580034F49C /* ViewController.swift */ = {isa = PBXFileReference; lastKnownFileType = sourcecode.swift; path = ViewController.swift; sourceTree = "<group>"; };
		4F01B1442AC22A580034F49C /* Base */ = {isa = PBXFileReference; lastKnownFileType = file.storyboard; name = Base; path = Base.lproj/Main.storyboard; sourceTree = "<group>"; };
		4F01B1462AC22A590034F49C /* Assets.xcassets */ = {isa = PBXFileReference; lastKnownFileType = folder.assetcatalog; path = Assets.xcassets; sourceTree = "<group>"; };
		4F01B1492AC22A590034F49C /* Base */ = {isa = PBXFileReference; lastKnownFileType = file.storyboard; name = Base; path = Base.lproj/LaunchScreen.storyboard; sourceTree = "<group>"; };
		4F01B14B2AC22A590034F49C /* Info.plist */ = {isa = PBXFileReference; lastKnownFileType = text.plist.xml; path = Info.plist; sourceTree = "<group>"; };
		4F01B1502AC22A590034F49C /* IAmRich_appTests.xctest */ = {isa = PBXFileReference; explicitFileType = wrapper.cfbundle; includeInIndex = 0; path = IAmRich_appTests.xctest; sourceTree = BUILT_PRODUCTS_DIR; };
		4F01B1542AC22A590034F49C /* IAmRich_appTests.swift */ = {isa = PBXFileReference; lastKnownFileType = sourcecode.swift; path = IAmRich_appTests.swift; sourceTree = "<group>"; };
		4F01B15A2AC22A590034F49C /* IAmRich_appUITests.xctest */ = {isa = PBXFileReference; explicitFileType = wrapper.cfbundle; includeInIndex = 0; path = IAmRich_appUITests.xctest; sourceTree = BUILT_PRODUCTS_DIR; };
		4F01B15E2AC22A590034F49C /* IAmRich_appUITests.swift */ = {isa = PBXFileReference; lastKnownFileType = sourcecode.swift; path = IAmRich_appUITests.swift; sourceTree = "<group>"; };
		4F01B1602AC22A590034F49C /* IAmRich_appUITestsLaunchTests.swift */ = {isa = PBXFileReference; lastKnownFileType = sourcecode.swift; path = IAmRich_appUITestsLaunchTests.swift; sourceTree = "<group>"; };
/* End PBXFileReference section */

/* Begin PBXFrameworksBuildPhase section */
		4F01B1372AC22A580034F49C /* Frameworks */ = {
			isa = PBXFrameworksBuildPhase;
			buildActionMask = 2147483647;
			files = (
			);
			runOnlyForDeploymentPostprocessing = 0;
		};
		4F01B14D2AC22A590034F49C /* Frameworks */ = {
			isa = PBXFrameworksBuildPhase;
			buildActionMask = 2147483647;
			files = (
			);
			runOnlyForDeploymentPostprocessing = 0;
		};
		4F01B1572AC22A590034F49C /* Frameworks */ = {
			isa = PBXFrameworksBuildPhase;
			buildActionMask = 2147483647;
			files = (
			);
			runOnlyForDeploymentPostprocessing = 0;
		};
/* End PBXFrameworksBuildPhase section */

/* Begin PBXGroup section */
		4F01B1312AC22A580034F49C = {
			isa = PBXGroup;
			children = (
				4F01B13C2AC22A580034F49C /* IAmRich_app */,
				4F01B1532AC22A590034F49C /* IAmRich_appTests */,
				4F01B15D2AC22A590034F49C /* IAmRich_appUITests */,
				4F01B13B2AC22A580034F49C /* Products */,
			);
			sourceTree = "<group>";
		};
		4F01B13B2AC22A580034F49C /* Products */ = {
			isa = PBXGroup;
			children = (
				4F01B13A2AC22A580034F49C /* IAmRich_app.app */,
				4F01B1502AC22A590034F49C /* IAmRich_appTests.xctest */,
				4F01B15A2AC22A590034F49C /* IAmRich_appUITests.xctest */,
			);
			name = Products;
			sourceTree = "<group>";
		};
		4F01B13C2AC22A580034F49C /* IAmRich_app */ = {
			isa = PBXGroup;
			children = (
				4F01B13D2AC22A580034F49C /* AppDelegate.swift */,
				4F01B13F2AC22A580034F49C /* SceneDelegate.swift */,
				4F01B1412AC22A580034F49C /* ViewController.swift */,
				4F01B1432AC22A580034F49C /* Main.storyboard */,
				4F01B1462AC22A590034F49C /* Assets.xcassets */,
				4F01B1482AC22A590034F49C /* LaunchScreen.storyboard */,
				4F01B14B2AC22A590034F49C /* Info.plist */,
			);
			path = IAmRich_app;
			sourceTree = "<group>";
		};
		4F01B1532AC22A590034F49C /* IAmRich_appTests */ = {
			isa = PBXGroup;
			children = (
				4F01B1542AC22A590034F49C /* IAmRich_appTests.swift */,
			);
			path = IAmRich_appTests;
			sourceTree = "<group>";
		};
		4F01B15D2AC22A590034F49C /* IAmRich_appUITests */ = {
			isa = PBXGroup;
			children = (
				4F01B15E2AC22A590034F49C /* IAmRich_appUITests.swift */,
				4F01B1602AC22A590034F49C /* IAmRich_appUITestsLaunchTests.swift */,
			);
			path = IAmRich_appUITests;
			sourceTree = "<group>";
		};
/* End PBXGroup section */

/* Begin PBXNativeTarget section */
		4F01B1392AC22A580034F49C /* IAmRich_app */ = {
			isa = PBXNativeTarget;
			buildConfigurationList = 4F01B1642AC22A590034F49C /* Build configuration list for PBXNativeTarget "IAmRich_app" */;
			buildPhases = (
				4F01B1362AC22A580034F49C /* Sources */,
				4F01B1372AC22A580034F49C /* Frameworks */,
				4F01B1382AC22A580034F49C /* Resources */,
			);
			buildRules = (
			);
			dependencies = (
			);
			name = IAmRich_app;
			productName = IAmRich_app;
			productReference = 4F01B13A2AC22A580034F49C /* IAmRich_app.app */;
			productType = "com.apple.product-type.application";
		};
		4F01B14F2AC22A590034F49C /* IAmRich_appTests */ = {
			isa = PBXNativeTarget;
			buildConfigurationList = 4F01B1672AC22A590034F49C /* Build configuration list for PBXNativeTarget "IAmRich_appTests" */;
			buildPhases = (
				4F01B14C2AC22A590034F49C /* Sources */,
				4F01B14D2AC22A590034F49C /* Frameworks */,
				4F01B14E2AC22A590034F49C /* Resources */,
			);
			buildRules = (
			);
			dependencies = (
				4F01B1522AC22A590034F49C /* PBXTargetDependency */,
			);
			name = IAmRich_appTests;
			productName = IAmRich_appTests;
			productReference = 4F01B1502AC22A590034F49C /* IAmRich_appTests.xctest */;
			productType = "com.apple.product-type.bundle.unit-test";
		};
		4F01B1592AC22A590034F49C /* IAmRich_appUITests */ = {
			isa = PBXNativeTarget;
			buildConfigurationList = 4F01B16A2AC22A590034F49C /* Build configuration list for PBXNativeTarget "IAmRich_appUITests" */;
			buildPhases = (
				4F01B1562AC22A590034F49C /* Sources */,
				4F01B1572AC22A590034F49C /* Frameworks */,
				4F01B1582AC22A590034F49C /* Resources */,
			);
			buildRules = (
			);
			dependencies = (
				4F01B15C2AC22A590034F49C /* PBXTargetDependency */,
			);
			name = IAmRich_appUITests;
			productName = IAmRich_appUITests;
			productReference = 4F01B15A2AC22A590034F49C /* IAmRich_appUITests.xctest */;
			productType = "com.apple.product-type.bundle.ui-testing";
		};
/* End PBXNativeTarget section */

/* Begin PBXProject section */
		4F01B1322AC22A580034F49C /* Project object */ = {
			isa = PBXProject;
			attributes = {
				BuildIndependentTargetsInParallel = 1;
				LastSwiftUpdateCheck = 1500;
				LastUpgradeCheck = 1500;
				TargetAttributes = {
					4F01B1392AC22A580034F49C = {
						CreatedOnToolsVersion = 15.0;
					};
					4F01B14F2AC22A590034F49C = {
						CreatedOnToolsVersion = 15.0;
						TestTargetID = 4F01B1392AC22A580034F49C;
					};
					4F01B1592AC22A590034F49C = {
						CreatedOnToolsVersion = 15.0;
						TestTargetID = 4F01B1392AC22A580034F49C;
					};
				};
			};
			buildConfigurationList = 4F01B1352AC22A580034F49C /* Build configuration list for PBXProject "IAmRich_app" */;
			compatibilityVersion = "Xcode 14.0";
			developmentRegion = en;
			hasScannedForEncodings = 0;
			knownRegions = (
				en,
				Base,
			);
			mainGroup = 4F01B1312AC22A580034F49C;
			productRefGroup = 4F01B13B2AC22A580034F49C /* Products */;
			projectDirPath = "";
			projectRoot = "";
			targets = (
				4F01B1392AC22A580034F49C /* IAmRich_app */,
				4F01B14F2AC22A590034F49C /* IAmRich_appTests */,
				4F01B1592AC22A590034F49C /* IAmRich_appUITests */,
			);
		};
/* End PBXProject section */

/* Begin PBXResourcesBuildPhase section */
		4F01B1382AC22A580034F49C /* Resources */ = {
			isa = PBXResourcesBuildPhase;
			buildActionMask = 2147483647;
			files = (
				4F01B14A2AC22A590034F49C /* LaunchScreen.storyboard in Resources */,
				4F01B1472AC22A590034F49C /* Assets.xcassets in Resources */,
				4F01B1452AC22A580034F49C /* Main.storyboard in Resources */,
			);
			runOnlyForDeploymentPostprocessing = 0;
		};
		4F01B14E2AC22A590034F49C /* Resources */ = {
			isa = PBXResourcesBuildPhase;
			buildActionMask = 2147483647;
			files = (
			);
			runOnlyForDeploymentPostprocessing = 0;
		};
		4F01B1582AC22A590034F49C /* Resources */ = {
			isa = PBXResourcesBuildPhase;
			buildActionMask = 2147483647;
			files = (
			);
			runOnlyForDeploymentPostprocessing = 0;
		};
/* End PBXResourcesBuildPhase section */

/* Begin PBXSourcesBuildPhase section */
		4F01B1362AC22A580034F49C /* Sources */ = {
			isa = PBXSourcesBuildPhase;
			buildActionMask = 2147483647;
			files = (
				4F01B1422AC22A580034F49C /* ViewController.swift in Sources */,
				4F01B13E2AC22A580034F49C /* AppDelegate.swift in Sources */,
				4F01B1402AC22A580034F49C /* SceneDelegate.swift in Sources */,
			);
			runOnlyForDeploymentPostprocessing = 0;
		};
		4F01B14C2AC22A590034F49C /* Sources */ = {
			isa = PBXSourcesBuildPhase;
			buildActionMask = 2147483647;
			files = (
				4F01B1552AC22A590034F49C /* IAmRich_appTests.swift in Sources */,
			);
			runOnlyForDeploymentPostprocessing = 0;
		};
		4F01B1562AC22A590034F49C /* Sources */ = {
			isa = PBXSourcesBuildPhase;
			buildActionMask = 2147483647;
			files = (
				4F01B1612AC22A590034F49C /* IAmRich_appUITestsLaunchTests.swift in Sources */,
				4F01B15F2AC22A590034F49C /* IAmRich_appUITests.swift in Sources */,
			);
			runOnlyForDeploymentPostprocessing = 0;
		};
/* End PBXSourcesBuildPhase section */

/* Begin PBXTargetDependency section */
		4F01B1522AC22A590034F49C /* PBXTargetDependency */ = {
			isa = PBXTargetDependency;
			target = 4F01B1392AC22A580034F49C /* IAmRich_app */;
			targetProxy = 4F01B1512AC22A590034F49C /* PBXContainerItemProxy */;
		};
		4F01B15C2AC22A590034F49C /* PBXTargetDependency */ = {
			isa = PBXTargetDependency;
			target = 4F01B1392AC22A580034F49C /* IAmRich_app */;
			targetProxy = 4F01B15B2AC22A590034F49C /* PBXContainerItemProxy */;
		};
/* End PBXTargetDependency section */

/* Begin PBXVariantGroup section */
		4F01B1432AC22A580034F49C /* Main.storyboard */ = {
			isa = PBXVariantGroup;
			children = (
				4F01B1442AC22A580034F49C /* Base */,
			);
			name = Main.storyboard;
			sourceTree = "<group>";
		};
		4F01B1482AC22A590034F49C /* LaunchScreen.storyboard */ = {
			isa = PBXVariantGroup;
			children = (
				4F01B1492AC22A590034F49C /* Base */,
			);
			name = LaunchScreen.storyboard;
			sourceTree = "<group>";
		};
/* End PBXVariantGroup section */

/* Begin XCBuildConfiguration section */
		4F01B1622AC22A590034F49C /* Debug */ = {
			isa = XCBuildConfiguration;
			buildSettings = {
				ALWAYS_SEARCH_USER_PATHS = NO;
				ASSETCATALOG_COMPILER_GENERATE_SWIFT_ASSET_SYMBOL_EXTENSIONS = YES;
				CLANG_ANALYZER_NONNULL = YES;
				CLANG_ANALYZER_NUMBER_OBJECT_CONVERSION = YES_AGGRESSIVE;
				CLANG_CXX_LANGUAGE_STANDARD = "gnu++20";
				CLANG_ENABLE_MODULES = YES;
				CLANG_ENABLE_OBJC_ARC = YES;
				CLANG_ENABLE_OBJC_WEAK = YES;
				CLANG_WARN_BLOCK_CAPTURE_AUTORELEASING = YES;
				CLANG_WARN_BOOL_CONVERSION = YES;
				CLANG_WARN_COMMA = YES;
				CLANG_WARN_CONSTANT_CONVERSION = YES;
				CLANG_WARN_DEPRECATED_OBJC_IMPLEMENTATIONS = YES;
				CLANG_WARN_DIRECT_OBJC_ISA_USAGE = YES_ERROR;
				CLANG_WARN_DOCUMENTATION_COMMENTS = YES;
				CLANG_WARN_EMPTY_BODY = YES;
				CLANG_WARN_ENUM_CONVERSION = YES;
				CLANG_WARN_INFINITE_RECURSION = YES;
				CLANG_WARN_INT_CONVERSION = YES;
				CLANG_WARN_NON_LITERAL_NULL_CONVERSION = YES;
				CLANG_WARN_OBJC_IMPLICIT_RETAIN_SELF = YES;
				CLANG_WARN_OBJC_LITERAL_CONVERSION = YES;
				CLANG_WARN_OBJC_ROOT_CLASS = YES_ERROR;
				CLANG_WARN_QUOTED_INCLUDE_IN_FRAMEWORK_HEADER = YES;
				CLANG_WARN_RANGE_LOOP_ANALYSIS = YES;
				CLANG_WARN_STRICT_PROTOTYPES = YES;
				CLANG_WARN_SUSPICIOUS_MOVE = YES;
				CLANG_WARN_UNGUARDED_AVAILABILITY = YES_AGGRESSIVE;
				CLANG_WARN_UNREACHABLE_CODE = YES;
				CLANG_WARN__DUPLICATE_METHOD_MATCH = YES;
				COPY_PHASE_STRIP = NO;
				DEBUG_INFORMATION_FORMAT = dwarf;
				ENABLE_STRICT_OBJC_MSGSEND = YES;
				ENABLE_TESTABILITY = YES;
				ENABLE_USER_SCRIPT_SANDBOXING = YES;
				GCC_C_LANGUAGE_STANDARD = gnu17;
				GCC_DYNAMIC_NO_PIC = NO;
				GCC_NO_COMMON_BLOCKS = YES;
				GCC_OPTIMIZATION_LEVEL = 0;
				GCC_PREPROCESSOR_DEFINITIONS = (
					"DEBUG=1",
					"$(inherited)",
				);
				GCC_WARN_64_TO_32_BIT_CONVERSION = YES;
				GCC_WARN_ABOUT_RETURN_TYPE = YES_ERROR;
				GCC_WARN_UNDECLARED_SELECTOR = YES;
				GCC_WARN_UNINITIALIZED_AUTOS = YES_AGGRESSIVE;
				GCC_WARN_UNUSED_FUNCTION = YES;
				GCC_WARN_UNUSED_VARIABLE = YES;
				IPHONEOS_DEPLOYMENT_TARGET = 17.0;
				LOCALIZATION_PREFERS_STRING_CATALOGS = YES;
				MTL_ENABLE_DEBUG_INFO = INCLUDE_SOURCE;
				MTL_FAST_MATH = YES;
				ONLY_ACTIVE_ARCH = YES;
				SDKROOT = iphoneos;
				SWIFT_ACTIVE_COMPILATION_CONDITIONS = "DEBUG $(inherited)";
				SWIFT_OPTIMIZATION_LEVEL = "-Onone";
			};
			name = Debug;
		};
		4F01B1632AC22A590034F49C /* Release */ = {
			isa = XCBuildConfiguration;
			buildSettings = {
				ALWAYS_SEARCH_USER_PATHS = NO;
				ASSETCATALOG_COMPILER_GENERATE_SWIFT_ASSET_SYMBOL_EXTENSIONS = YES;
				CLANG_ANALYZER_NONNULL = YES;
				CLANG_ANALYZER_NUMBER_OBJECT_CONVERSION = YES_AGGRESSIVE;
				CLANG_CXX_LANGUAGE_STANDARD = "gnu++20";
				CLANG_ENABLE_MODULES = YES;
				CLANG_ENABLE_OBJC_ARC = YES;
				CLANG_ENABLE_OBJC_WEAK = YES;
				CLANG_WARN_BLOCK_CAPTURE_AUTORELEASING = YES;
				CLANG_WARN_BOOL_CONVERSION = YES;
				CLANG_WARN_COMMA = YES;
				CLANG_WARN_CONSTANT_CONVERSION = YES;
				CLANG_WARN_DEPRECATED_OBJC_IMPLEMENTATIONS = YES;
				CLANG_WARN_DIRECT_OBJC_ISA_USAGE = YES_ERROR;
				CLANG_WARN_DOCUMENTATION_COMMENTS = YES;
				CLANG_WARN_EMPTY_BODY = YES;
				CLANG_WARN_ENUM_CONVERSION = YES;
				CLANG_WARN_INFINITE_RECURSION = YES;
				CLANG_WARN_INT_CONVERSION = YES;
				CLANG_WARN_NON_LITERAL_NULL_CONVERSION = YES;
				CLANG_WARN_OBJC_IMPLICIT_RETAIN_SELF = YES;
				CLANG_WARN_OBJC_LITERAL_CONVERSION = YES;
				CLANG_WARN_OBJC_ROOT_CLASS = YES_ERROR;
				CLANG_WARN_QUOTED_INCLUDE_IN_FRAMEWORK_HEADER = YES;
				CLANG_WARN_RANGE_LOOP_ANALYSIS = YES;
				CLANG_WARN_STRICT_PROTOTYPES = YES;
				CLANG_WARN_SUSPICIOUS_MOVE = YES;
				CLANG_WARN_UNGUARDED_AVAILABILITY = YES_AGGRESSIVE;
				CLANG_WARN_UNREACHABLE_CODE = YES;
				CLANG_WARN__DUPLICATE_METHOD_MATCH = YES;
				COPY_PHASE_STRIP = NO;
				DEBUG_INFORMATION_FORMAT = "dwarf-with-dsym";
				ENABLE_NS_ASSERTIONS = NO;
				ENABLE_STRICT_OBJC_MSGSEND = YES;
				ENABLE_USER_SCRIPT_SANDBOXING = YES;
				GCC_C_LANGUAGE_STANDARD = gnu17;
				GCC_NO_COMMON_BLOCKS = YES;
				GCC_WARN_64_TO_32_BIT_CONVERSION = YES;
				GCC_WARN_ABOUT_RETURN_TYPE = YES_ERROR;
				GCC_WARN_UNDECLARED_SELECTOR = YES;
				GCC_WARN_UNINITIALIZED_AUTOS = YES_AGGRESSIVE;
				GCC_WARN_UNUSED_FUNCTION = YES;
				GCC_WARN_UNUSED_VARIABLE = YES;
				IPHONEOS_DEPLOYMENT_TARGET = 17.0;
				LOCALIZATION_PREFERS_STRING_CATALOGS = YES;
				MTL_ENABLE_DEBUG_INFO = NO;
				MTL_FAST_MATH = YES;
				SDKROOT = iphoneos;
				SWIFT_COMPILATION_MODE = wholemodule;
				VALIDATE_PRODUCT = YES;
			};
			name = Release;
		};
		4F01B1652AC22A590034F49C /* Debug */ = {
			isa = XCBuildConfiguration;
			buildSettings = {
				ASSETCATALOG_COMPILER_APPICON_NAME = AppIcon;
				ASSETCATALOG_COMPILER_GLOBAL_ACCENT_COLOR_NAME = AccentColor;
				CODE_SIGN_STYLE = Automatic;
				CURRENT_PROJECT_VERSION = 1;
				DEVELOPMENT_TEAM = 8R8NPP3UA2;
				GENERATE_INFOPLIST_FILE = YES;
				INFOPLIST_FILE = IAmRich_app/Info.plist;
				INFOPLIST_KEY_UIApplicationSupportsIndirectInputEvents = YES;
				INFOPLIST_KEY_UILaunchStoryboardName = LaunchScreen;
				INFOPLIST_KEY_UIMainStoryboardFile = Main;
				INFOPLIST_KEY_UISupportedInterfaceOrientations_iPad = "UIInterfaceOrientationPortrait UIInterfaceOrientationPortraitUpsideDown UIInterfaceOrientationLandscapeLeft UIInterfaceOrientationLandscapeRight";
				INFOPLIST_KEY_UISupportedInterfaceOrientations_iPhone = "UIInterfaceOrientationPortrait UIInterfaceOrientationLandscapeLeft UIInterfaceOrientationLandscapeRight";
				LD_RUNPATH_SEARCH_PATHS = (
					"$(inherited)",
					"@executable_path/Frameworks",
				);
				MARKETING_VERSION = 1.0;
				PRODUCT_BUNDLE_IDENTIFIER = "-.IAmRich-app";
				PRODUCT_NAME = "$(TARGET_NAME)";
				SWIFT_EMIT_LOC_STRINGS = YES;
				SWIFT_VERSION = 5.0;
				TARGETED_DEVICE_FAMILY = "1,2";
			};
			name = Debug;
		};
		4F01B1662AC22A590034F49C /* Release */ = {
			isa = XCBuildConfiguration;
			buildSettings = {
				ASSETCATALOG_COMPILER_APPICON_NAME = AppIcon;
				ASSETCATALOG_COMPILER_GLOBAL_ACCENT_COLOR_NAME = AccentColor;
				CODE_SIGN_STYLE = Automatic;
				CURRENT_PROJECT_VERSION = 1;
				DEVELOPMENT_TEAM = 8R8NPP3UA2;
				GENERATE_INFOPLIST_FILE = YES;
				INFOPLIST_FILE = IAmRich_app/Info.plist;
				INFOPLIST_KEY_UIApplicationSupportsIndirectInputEvents = YES;
				INFOPLIST_KEY_UILaunchStoryboardName = LaunchScreen;
				INFOPLIST_KEY_UIMainStoryboardFile = Main;
				INFOPLIST_KEY_UISupportedInterfaceOrientations_iPad = "UIInterfaceOrientationPortrait UIInterfaceOrientationPortraitUpsideDown UIInterfaceOrientationLandscapeLeft UIInterfaceOrientationLandscapeRight";
				INFOPLIST_KEY_UISupportedInterfaceOrientations_iPhone = "UIInterfaceOrientationPortrait UIInterfaceOrientationLandscapeLeft UIInterfaceOrientationLandscapeRight";
				LD_RUNPATH_SEARCH_PATHS = (
					"$(inherited)",
					"@executable_path/Frameworks",
				);
				MARKETING_VERSION = 1.0;
				PRODUCT_BUNDLE_IDENTIFIER = "-.IAmRich-app";
				PRODUCT_NAME = "$(TARGET_NAME)";
				SWIFT_EMIT_LOC_STRINGS = YES;
				SWIFT_VERSION = 5.0;
				TARGETED_DEVICE_FAMILY = "1,2";
			};
			name = Release;
		};
		4F01B1682AC22A590034F49C /* Debug */ = {
			isa = XCBuildConfiguration;
			buildSettings = {
				ALWAYS_EMBED_SWIFT_STANDARD_LIBRARIES = YES;
				BUNDLE_LOADER = "$(TEST_HOST)";
				CODE_SIGN_STYLE = Automatic;
				CURRENT_PROJECT_VERSION = 1;
				DEVELOPMENT_TEAM = 8R8NPP3UA2;
				GENERATE_INFOPLIST_FILE = YES;
				IPHONEOS_DEPLOYMENT_TARGET = 17.0;
				MARKETING_VERSION = 1.0;
				PRODUCT_BUNDLE_IDENTIFIER = "-.IAmRich-appTests";
				PRODUCT_NAME = "$(TARGET_NAME)";
				SWIFT_EMIT_LOC_STRINGS = NO;
				SWIFT_VERSION = 5.0;
				TARGETED_DEVICE_FAMILY = "1,2";
				TEST_HOST = "$(BUILT_PRODUCTS_DIR)/IAmRich_app.app/$(BUNDLE_EXECUTABLE_FOLDER_PATH)/IAmRich_app";
			};
			name = Debug;
		};
		4F01B1692AC22A590034F49C /* Release */ = {
			isa = XCBuildConfiguration;
			buildSettings = {
				ALWAYS_EMBED_SWIFT_STANDARD_LIBRARIES = YES;
				BUNDLE_LOADER = "$(TEST_HOST)";
				CODE_SIGN_STYLE = Automatic;
				CURRENT_PROJECT_VERSION = 1;
				DEVELOPMENT_TEAM = 8R8NPP3UA2;
				GENERATE_INFOPLIST_FILE = YES;
				IPHONEOS_DEPLOYMENT_TARGET = 17.0;
				MARKETING_VERSION = 1.0;
				PRODUCT_BUNDLE_IDENTIFIER = "-.IAmRich-appTests";
				PRODUCT_NAME = "$(TARGET_NAME)";
				SWIFT_EMIT_LOC_STRINGS = NO;
				SWIFT_VERSION = 5.0;
				TARGETED_DEVICE_FAMILY = "1,2";
				TEST_HOST = "$(BUILT_PRODUCTS_DIR)/IAmRich_app.app/$(BUNDLE_EXECUTABLE_FOLDER_PATH)/IAmRich_app";
			};
			name = Release;
		};
		4F01B16B2AC22A590034F49C /* Debug */ = {
			isa = XCBuildConfiguration;
			buildSettings = {
				ALWAYS_EMBED_SWIFT_STANDARD_LIBRARIES = YES;
				CODE_SIGN_STYLE = Automatic;
				CURRENT_PROJECT_VERSION = 1;
				DEVELOPMENT_TEAM = 8R8NPP3UA2;
				GENERATE_INFOPLIST_FILE = YES;
				MARKETING_VERSION = 1.0;
				PRODUCT_BUNDLE_IDENTIFIER = "-.IAmRich-appUITests";
				PRODUCT_NAME = "$(TARGET_NAME)";
				SWIFT_EMIT_LOC_STRINGS = NO;
				SWIFT_VERSION = 5.0;
				TARGETED_DEVICE_FAMILY = "1,2";
				TEST_TARGET_NAME = IAmRich_app;
			};
			name = Debug;
		};
		4F01B16C2AC22A590034F49C /* Release */ = {
			isa = XCBuildConfiguration;
			buildSettings = {
				ALWAYS_EMBED_SWIFT_STANDARD_LIBRARIES = YES;
				CODE_SIGN_STYLE = Automatic;
				CURRENT_PROJECT_VERSION = 1;
				DEVELOPMENT_TEAM = 8R8NPP3UA2;
				GENERATE_INFOPLIST_FILE = YES;
				MARKETING_VERSION = 1.0;
				PRODUCT_BUNDLE_IDENTIFIER = "-.IAmRich-appUITests";
				PRODUCT_NAME = "$(TARGET_NAME)";
				SWIFT_EMIT_LOC_STRINGS = NO;
				SWIFT_VERSION = 5.0;
				TARGETED_DEVICE_FAMILY = "1,2";
				TEST_TARGET_NAME = IAmRich_app;
			};
			name = Release;
		};
/* End XCBuildConfiguration section */

/* Begin XCConfigurationList section */
		4F01B1352AC22A580034F49C /* Build configuration list for PBXProject "IAmRich_app" */ = {
			isa = XCConfigurationList;
			buildConfigurations = (
				4F01B1622AC22A590034F49C /* Debug */,
				4F01B1632AC22A590034F49C /* Release */,
			);
			defaultConfigurationIsVisible = 0;
			defaultConfigurationName = Release;
		};
		4F01B1642AC22A590034F49C /* Build configuration list for PBXNativeTarget "IAmRich_app" */ = {
			isa = XCConfigurationList;
			buildConfigurations = (
				4F01B1652AC22A590034F49C /* Debug */,
				4F01B1662AC22A590034F49C /* Release */,
			);
			defaultConfigurationIsVisible = 0;
			defaultConfigurationName = Release;
		};
		4F01B1672AC22A590034F49C /* Build configuration list for PBXNativeTarget "IAmRich_appTests" */ = {
			isa = XCConfigurationList;
			buildConfigurations = (
				4F01B1682AC22A590034F49C /* Debug */,
				4F01B1692AC22A590034F49C /* Release */,
			);
			defaultConfigurationIsVisible = 0;
			defaultConfigurationName = Release;
		};
		4F01B16A2AC22A590034F49C /* Build configuration list for PBXNativeTarget "IAmRich_appUITests" */ = {
			isa = XCConfigurationList;
			buildConfigurations = (
				4F01B16B2AC22A590034F49C /* Debug */,
				4F01B16C2AC22A590034F49C /* Release */,
			);
			defaultConfigurationIsVisible = 0;
			defaultConfigurationName = Release;
		};
/* End XCConfigurationList section */
	};
	rootObject = 4F01B1322AC22A580034F49C /* Project object */;
}
